// !$*UTF8*$!
{
	archiveVersion = 1;
	classes = {
	};
	objectVersion = 56;
	objects = {

/* Begin PBXBuildFile section */
		3A72C24E2A3C5E44005EAEFA /* LedgerApp.swift in Sources */ = {isa = PBXBuildFile; fileRef = 3A72C24D2A3C5E44005EAEFA /* LedgerApp.swift */; };
		3A72C2502A3C5E44005EAEFA /* Service.swift in Sources */ = {isa = PBXBuildFile; fileRef = 3A72C24F2A3C5E44005EAEFA /* Service.swift */; };
		3A72C2522A3C5E45005EAEFA /* Assets.xcassets in Resources */ = {isa = PBXBuildFile; fileRef = 3A72C2512A3C5E45005EAEFA /* Assets.xcassets */; };
		3A72C2552A3C5E45005EAEFA /* Preview Assets.xcassets in Resources */ = {isa = PBXBuildFile; fileRef = 3A72C2542A3C5E45005EAEFA /* Preview Assets.xcassets */; };
		3A72C25F2A3C5E45005EAEFA /* LedgerTests.swift in Sources */ = {isa = PBXBuildFile; fileRef = 3A72C25E2A3C5E45005EAEFA /* LedgerTests.swift */; };
		3A72C2692A3C5E45005EAEFA /* LedgerUITests.swift in Sources */ = {isa = PBXBuildFile; fileRef = 3A72C2682A3C5E45005EAEFA /* LedgerUITests.swift */; };
		3A72C26B2A3C5E45005EAEFA /* LedgerUITestsLaunchTests.swift in Sources */ = {isa = PBXBuildFile; fileRef = 3A72C26A2A3C5E45005EAEFA /* LedgerUITestsLaunchTests.swift */; };
		3A72C2792A3C5E68005EAEFA /* README.md in Resources */ = {isa = PBXBuildFile; fileRef = 3A72C2772A3C5E67005EAEFA /* README.md */; };
		3A72C27A2A3C5E68005EAEFA /* LICENSE in Resources */ = {isa = PBXBuildFile; fileRef = 3A72C2782A3C5E67005EAEFA /* LICENSE */; };
		3A72C27C2A3C5E7D005EAEFA /* .gitignore in Resources */ = {isa = PBXBuildFile; fileRef = 3A72C27B2A3C5E7D005EAEFA /* .gitignore */; };
		3A72C2822A3C600F005EAEFA /* CalendarView.swift in Sources */ = {isa = PBXBuildFile; fileRef = 3A72C2812A3C600F005EAEFA /* CalendarView.swift */; };
		3A72C2842A3C6052005EAEFA /* CreateOfferView.swift in Sources */ = {isa = PBXBuildFile; fileRef = 3A72C2832A3C6052005EAEFA /* CreateOfferView.swift */; };
		3A72C2862A3C605C005EAEFA /* ModifyOfferView.swift in Sources */ = {isa = PBXBuildFile; fileRef = 3A72C2852A3C605C005EAEFA /* ModifyOfferView.swift */; };
		3A72C2882A3C6069005EAEFA /* DuplicateOfferView.swift in Sources */ = {isa = PBXBuildFile; fileRef = 3A72C2872A3C6069005EAEFA /* DuplicateOfferView.swift */; };
		3A72C28A2A3C6089005EAEFA /* ExportInvoiceView.swift in Sources */ = {isa = PBXBuildFile; fileRef = 3A72C2892A3C6089005EAEFA /* ExportInvoiceView.swift */; };
		3A72C28C2A3C609A005EAEFA /* CreateInventoryView.swift in Sources */ = {isa = PBXBuildFile; fileRef = 3A72C28B2A3C609A005EAEFA /* CreateInventoryView.swift */; };
		3A72C28E2A3C60AB005EAEFA /* ModifyInventoryView.swift in Sources */ = {isa = PBXBuildFile; fileRef = 3A72C28D2A3C60AB005EAEFA /* ModifyInventoryView.swift */; };
		3A72C2902A3C60E2005EAEFA /* CreateServiceView.swift in Sources */ = {isa = PBXBuildFile; fileRef = 3A72C28F2A3C60E2005EAEFA /* CreateServiceView.swift */; };
		3A72C2922A3C60ED005EAEFA /* ModifyServiceView.swift in Sources */ = {isa = PBXBuildFile; fileRef = 3A72C2912A3C60ED005EAEFA /* ModifyServiceView.swift */; };
		3A72C2952A3C6118005EAEFA /* CreateMemberView.swift in Sources */ = {isa = PBXBuildFile; fileRef = 3A72C2942A3C6118005EAEFA /* CreateMemberView.swift */; };
		3A72C2972A3C6129005EAEFA /* ModifyCompanyView.swift in Sources */ = {isa = PBXBuildFile; fileRef = 3A72C2962A3C6129005EAEFA /* ModifyCompanyView.swift */; };
		3A72C2992A3C6136005EAEFA /* CreateCustomerView.swift in Sources */ = {isa = PBXBuildFile; fileRef = 3A72C2982A3C6136005EAEFA /* CreateCustomerView.swift */; };
		3A72C29B2A3C6143005EAEFA /* ModifyCustomerView.swift in Sources */ = {isa = PBXBuildFile; fileRef = 3A72C29A2A3C6143005EAEFA /* ModifyCustomerView.swift */; };
		3A72C29D2A3C6181005EAEFA /* ExportAnnualAccountsView.swift in Sources */ = {isa = PBXBuildFile; fileRef = 3A72C29C2A3C6181005EAEFA /* ExportAnnualAccountsView.swift */; };
		3A72C29F2A3C6199005EAEFA /* LoanCalculatorView.swift in Sources */ = {isa = PBXBuildFile; fileRef = 3A72C29E2A3C6199005EAEFA /* LoanCalculatorView.swift */; };
		3A72C2A22A3C61B7005EAEFA /* CreateWorkingHourView.swift in Sources */ = {isa = PBXBuildFile; fileRef = 3A72C2A12A3C61B7005EAEFA /* CreateWorkingHourView.swift */; };
		3A72C2A42A3C61C9005EAEFA /* ExportWorkingHoursView.swift in Sources */ = {isa = PBXBuildFile; fileRef = 3A72C2A32A3C61C9005EAEFA /* ExportWorkingHoursView.swift */; };
		3A72C2A62A3C61E3005EAEFA /* LogView.swift in Sources */ = {isa = PBXBuildFile; fileRef = 3A72C2A52A3C61E3005EAEFA /* LogView.swift */; };
		3A72C2A82A3C61FF005EAEFA /* ModifyMemberView.swift in Sources */ = {isa = PBXBuildFile; fileRef = 3A72C2A72A3C61FF005EAEFA /* ModifyMemberView.swift */; };
		3A72C2AA2A3C641F005EAEFA /* ExportOfferView.swift in Sources */ = {isa = PBXBuildFile; fileRef = 3A72C2A92A3C641F005EAEFA /* ExportOfferView.swift */; };
		3A72C2AE2A3C6A08005EAEFA /* View+Title.swift in Sources */ = {isa = PBXBuildFile; fileRef = 3A72C2AD2A3C6A08005EAEFA /* View+Title.swift */; };
		3A72C2B02A3C6C21005EAEFA /* LoginView.swift in Sources */ = {isa = PBXBuildFile; fileRef = 3A72C2AF2A3C6C21005EAEFA /* LoginView.swift */; };
		3A72C2B22A3C80D6005EAEFA /* NavigationCoordinator.swift in Sources */ = {isa = PBXBuildFile; fileRef = 3A72C2B12A3C80D6005EAEFA /* NavigationCoordinator.swift */; };
		3A72C2B42A3C80EB005EAEFA /* LoginViewModel.swift in Sources */ = {isa = PBXBuildFile; fileRef = 3A72C2B32A3C80EB005EAEFA /* LoginViewModel.swift */; };
		3A72C2B82A3C84CB005EAEFA /* Color+Accent.swift in Sources */ = {isa = PBXBuildFile; fileRef = 3A72C2B72A3C84CB005EAEFA /* Color+Accent.swift */; };
		3A72C2BB2A3CA820005EAEFA /* NavigationSplitViewSidebar.swift in Sources */ = {isa = PBXBuildFile; fileRef = 3A72C2BA2A3CA820005EAEFA /* NavigationSplitViewSidebar.swift */; };
		3A72C2BD2A3CA836005EAEFA /* NavigationSplitViewSidebarViewModel.swift in Sources */ = {isa = PBXBuildFile; fileRef = 3A72C2BC2A3CA836005EAEFA /* NavigationSplitViewSidebarViewModel.swift */; };
		3A72C2C22A3CA85F005EAEFA /* NavigationSplitViewContent.swift in Sources */ = {isa = PBXBuildFile; fileRef = 3A72C2C12A3CA85F005EAEFA /* NavigationSplitViewContent.swift */; };
		3A72C2C42A3CA880005EAEFA /* NavigationSplitViewContentViewModel.swift in Sources */ = {isa = PBXBuildFile; fileRef = 3A72C2C32A3CA880005EAEFA /* NavigationSplitViewContentViewModel.swift */; };
		3A72C2C62A3CA893005EAEFA /* NavigationSplitViewDetail.swift in Sources */ = {isa = PBXBuildFile; fileRef = 3A72C2C52A3CA893005EAEFA /* NavigationSplitViewDetail.swift */; };
		3A72C2C82A3CA8A3005EAEFA /* NavigationSplitViewDetailViewModel.swift in Sources */ = {isa = PBXBuildFile; fileRef = 3A72C2C72A3CA8A3005EAEFA /* NavigationSplitViewDetailViewModel.swift */; };
		3A72C2CB2A3CC3CA005EAEFA /* NavigationDefaultsView.swift in Sources */ = {isa = PBXBuildFile; fileRef = 3A72C2CA2A3CC3CA005EAEFA /* NavigationDefaultsView.swift */; };
		3A72C2CD2A3CC3D8005EAEFA /* NavigationDefaultsViewModel.swift in Sources */ = {isa = PBXBuildFile; fileRef = 3A72C2CC2A3CC3D8005EAEFA /* NavigationDefaultsViewModel.swift */; };
		3A72C2CF2A3CC3E9005EAEFA /* NavigationDefaults.swift in Sources */ = {isa = PBXBuildFile; fileRef = 3A72C2CE2A3CC3E9005EAEFA /* NavigationDefaults.swift */; };
		3A72C2D12A3CC43E005EAEFA /* User.swift in Sources */ = {isa = PBXBuildFile; fileRef = 3A72C2D02A3CC43E005EAEFA /* User.swift */; };
		3A72C2D32A3CC453005EAEFA /* NavigationItem.swift in Sources */ = {isa = PBXBuildFile; fileRef = 3A72C2D22A3CC453005EAEFA /* NavigationItem.swift */; };
		3A72C2D62A3CC491005EAEFA /* Calendar.swift in Sources */ = {isa = PBXBuildFile; fileRef = 3A72C2D52A3CC491005EAEFA /* Calendar.swift */; };
		3A72C2D92A3CC4A9005EAEFA /* Offer.swift in Sources */ = {isa = PBXBuildFile; fileRef = 3A72C2D82A3CC4A9005EAEFA /* Offer.swift */; };
		3A72C2DC2A3CC4C4005EAEFA /* Invoice.swift in Sources */ = {isa = PBXBuildFile; fileRef = 3A72C2DB2A3CC4C4005EAEFA /* Invoice.swift */; };
		3A72C2DF2A3CC536005EAEFA /* Inventory.swift in Sources */ = {isa = PBXBuildFile; fileRef = 3A72C2DE2A3CC536005EAEFA /* Inventory.swift */; };
		3A72C2E22A3CC568005EAEFA /* Member.swift in Sources */ = {isa = PBXBuildFile; fileRef = 3A72C2E12A3CC568005EAEFA /* Member.swift */; };
		3A72C2E52A3CC579005EAEFA /* Company.swift in Sources */ = {isa = PBXBuildFile; fileRef = 3A72C2E42A3CC579005EAEFA /* Company.swift */; };
		3A72C2E82A3CC592005EAEFA /* Customer.swift in Sources */ = {isa = PBXBuildFile; fileRef = 3A72C2E72A3CC592005EAEFA /* Customer.swift */; };
		3A72C2EB2A3CC61F005EAEFA /* Account.swift in Sources */ = {isa = PBXBuildFile; fileRef = 3A72C2EA2A3CC61F005EAEFA /* Account.swift */; };
		3A72C2EE2A3CC639005EAEFA /* Loan.swift in Sources */ = {isa = PBXBuildFile; fileRef = 3A72C2ED2A3CC639005EAEFA /* Loan.swift */; };
		3A72C2F12A3CC64E005EAEFA /* WorkingHour.swift in Sources */ = {isa = PBXBuildFile; fileRef = 3A72C2F02A3CC64E005EAEFA /* WorkingHour.swift */; };
		3A72C2F42A3CC662005EAEFA /* Log.swift in Sources */ = {isa = PBXBuildFile; fileRef = 3A72C2F32A3CC662005EAEFA /* Log.swift */; };
		3A72C2F82A3CE38D005EAEFA /* CalendarViewModel.swift in Sources */ = {isa = PBXBuildFile; fileRef = 3A72C2F72A3CE38D005EAEFA /* CalendarViewModel.swift */; };
		3A72C2FA2A3DB6DB005EAEFA /* CalendarDefaultsView.swift in Sources */ = {isa = PBXBuildFile; fileRef = 3A72C2F92A3DB6DB005EAEFA /* CalendarDefaultsView.swift */; };
		3A72C2FC2A3DB6F5005EAEFA /* CalendarDefaults.swift in Sources */ = {isa = PBXBuildFile; fileRef = 3A72C2FB2A3DB6F5005EAEFA /* CalendarDefaults.swift */; };
		3A72C2FE2A3DB703005EAEFA /* CalendarDefaultsViewModel.swift in Sources */ = {isa = PBXBuildFile; fileRef = 3A72C2FD2A3DB703005EAEFA /* CalendarDefaultsViewModel.swift */; };
		3A72C3002A3DCB16005EAEFA /* OffersView.swift in Sources */ = {isa = PBXBuildFile; fileRef = 3A72C2FF2A3DCB16005EAEFA /* OffersView.swift */; };
		3A72C3022A3DCB40005EAEFA /* OffersViewModel.swift in Sources */ = {isa = PBXBuildFile; fileRef = 3A72C3012A3DCB40005EAEFA /* OffersViewModel.swift */; };
		3A72C3042A3DCB5C005EAEFA /* InvoicesView.swift in Sources */ = {isa = PBXBuildFile; fileRef = 3A72C3032A3DCB5C005EAEFA /* InvoicesView.swift */; };
		3A72C3062A3DCB93005EAEFA /* InvoicesViewModel.swift in Sources */ = {isa = PBXBuildFile; fileRef = 3A72C3052A3DCB93005EAEFA /* InvoicesViewModel.swift */; };
		3A72C3082A3DCBAC005EAEFA /* ServicesView.swift in Sources */ = {isa = PBXBuildFile; fileRef = 3A72C3072A3DCBAC005EAEFA /* ServicesView.swift */; };
		3A72C30A2A3DCBC6005EAEFA /* ServicesViewModel.swift in Sources */ = {isa = PBXBuildFile; fileRef = 3A72C3092A3DCBC6005EAEFA /* ServicesViewModel.swift */; };
		3A72C30C2A3DCC9C005EAEFA /* InventoriesView.swift in Sources */ = {isa = PBXBuildFile; fileRef = 3A72C30B2A3DCC9C005EAEFA /* InventoriesView.swift */; };
		3A72C30E2A3DCCCF005EAEFA /* InventoriesViewModel.swift in Sources */ = {isa = PBXBuildFile; fileRef = 3A72C30D2A3DCCCF005EAEFA /* InventoriesViewModel.swift */; };
		3A72C3102A3DCCE2005EAEFA /* MembersView.swift in Sources */ = {isa = PBXBuildFile; fileRef = 3A72C30F2A3DCCE2005EAEFA /* MembersView.swift */; };
		3A72C3122A3DCD0E005EAEFA /* MembersViewModel.swift in Sources */ = {isa = PBXBuildFile; fileRef = 3A72C3112A3DCD0E005EAEFA /* MembersViewModel.swift */; };
		3A72C3142A3DCD34005EAEFA /* CompanyView.swift in Sources */ = {isa = PBXBuildFile; fileRef = 3A72C3132A3DCD34005EAEFA /* CompanyView.swift */; };
		3A72C3162A3DCD5E005EAEFA /* CompanyViewModel.swift in Sources */ = {isa = PBXBuildFile; fileRef = 3A72C3152A3DCD5E005EAEFA /* CompanyViewModel.swift */; };
		3A72C3182A3DCD75005EAEFA /* CustomersView.swift in Sources */ = {isa = PBXBuildFile; fileRef = 3A72C3172A3DCD75005EAEFA /* CustomersView.swift */; };
		3A72C31A2A3DCD9D005EAEFA /* CustomersViewModel.swift in Sources */ = {isa = PBXBuildFile; fileRef = 3A72C3192A3DCD9D005EAEFA /* CustomersViewModel.swift */; };
		3A72C31C2A3DCDBF005EAEFA /* AccountsView.swift in Sources */ = {isa = PBXBuildFile; fileRef = 3A72C31B2A3DCDBF005EAEFA /* AccountsView.swift */; };
		3A72C31E2A3DCDE7005EAEFA /* AccountsViewModel.swift in Sources */ = {isa = PBXBuildFile; fileRef = 3A72C31D2A3DCDE7005EAEFA /* AccountsViewModel.swift */; };
		3A72C3202A3DCDFF005EAEFA /* LoansView.swift in Sources */ = {isa = PBXBuildFile; fileRef = 3A72C31F2A3DCDFF005EAEFA /* LoansView.swift */; };
		3A72C3222A3DCE15005EAEFA /* LoansViewModel.swift in Sources */ = {isa = PBXBuildFile; fileRef = 3A72C3212A3DCE15005EAEFA /* LoansViewModel.swift */; };
		3A72C3242A3DCE35005EAEFA /* WorkingHoursView.swift in Sources */ = {isa = PBXBuildFile; fileRef = 3A72C3232A3DCE35005EAEFA /* WorkingHoursView.swift */; };
		3A72C3262A3DCE88005EAEFA /* LogViewModel.swift in Sources */ = {isa = PBXBuildFile; fileRef = 3A72C3252A3DCE88005EAEFA /* LogViewModel.swift */; };
		3A72C3282A3DCEF9005EAEFA /* WorkingHoursViewModel.swift in Sources */ = {isa = PBXBuildFile; fileRef = 3A72C3272A3DCEF9005EAEFA /* WorkingHoursViewModel.swift */; };
/* End PBXBuildFile section */

/* Begin PBXContainerItemProxy section */
		3A72C25B2A3C5E45005EAEFA /* PBXContainerItemProxy */ = {
			isa = PBXContainerItemProxy;
			containerPortal = 3A72C2422A3C5E44005EAEFA /* Project object */;
			proxyType = 1;
			remoteGlobalIDString = 3A72C2492A3C5E44005EAEFA;
			remoteInfo = Dashboard;
		};
		3A72C2652A3C5E45005EAEFA /* PBXContainerItemProxy */ = {
			isa = PBXContainerItemProxy;
			containerPortal = 3A72C2422A3C5E44005EAEFA /* Project object */;
			proxyType = 1;
			remoteGlobalIDString = 3A72C2492A3C5E44005EAEFA;
			remoteInfo = Dashboard;
		};
/* End PBXContainerItemProxy section */

/* Begin PBXFileReference section */
		3A72C24A2A3C5E44005EAEFA /* Ledger.app */ = {isa = PBXFileReference; explicitFileType = wrapper.application; includeInIndex = 0; path = Ledger.app; sourceTree = BUILT_PRODUCTS_DIR; };
		3A72C24D2A3C5E44005EAEFA /* LedgerApp.swift */ = {isa = PBXFileReference; lastKnownFileType = sourcecode.swift; path = LedgerApp.swift; sourceTree = "<group>"; };
		3A72C24F2A3C5E44005EAEFA /* Service.swift */ = {isa = PBXFileReference; lastKnownFileType = sourcecode.swift; path = Service.swift; sourceTree = "<group>"; };
		3A72C2512A3C5E45005EAEFA /* Assets.xcassets */ = {isa = PBXFileReference; lastKnownFileType = folder.assetcatalog; path = Assets.xcassets; sourceTree = "<group>"; };
		3A72C2542A3C5E45005EAEFA /* Preview Assets.xcassets */ = {isa = PBXFileReference; lastKnownFileType = folder.assetcatalog; path = "Preview Assets.xcassets"; sourceTree = "<group>"; };
		3A72C25A2A3C5E45005EAEFA /* LedgerTests.xctest */ = {isa = PBXFileReference; explicitFileType = wrapper.cfbundle; includeInIndex = 0; path = LedgerTests.xctest; sourceTree = BUILT_PRODUCTS_DIR; };
		3A72C25E2A3C5E45005EAEFA /* LedgerTests.swift */ = {isa = PBXFileReference; lastKnownFileType = sourcecode.swift; path = LedgerTests.swift; sourceTree = "<group>"; };
		3A72C2642A3C5E45005EAEFA /* LedgerUITests.xctest */ = {isa = PBXFileReference; explicitFileType = wrapper.cfbundle; includeInIndex = 0; path = LedgerUITests.xctest; sourceTree = BUILT_PRODUCTS_DIR; };
		3A72C2682A3C5E45005EAEFA /* LedgerUITests.swift */ = {isa = PBXFileReference; lastKnownFileType = sourcecode.swift; path = LedgerUITests.swift; sourceTree = "<group>"; };
		3A72C26A2A3C5E45005EAEFA /* LedgerUITestsLaunchTests.swift */ = {isa = PBXFileReference; lastKnownFileType = sourcecode.swift; path = LedgerUITestsLaunchTests.swift; sourceTree = "<group>"; };
		3A72C2772A3C5E67005EAEFA /* README.md */ = {isa = PBXFileReference; fileEncoding = 4; lastKnownFileType = net.daringfireball.markdown; path = README.md; sourceTree = "<group>"; };
		3A72C2782A3C5E67005EAEFA /* LICENSE */ = {isa = PBXFileReference; fileEncoding = 4; lastKnownFileType = text; path = LICENSE; sourceTree = "<group>"; };
		3A72C27B2A3C5E7D005EAEFA /* .gitignore */ = {isa = PBXFileReference; fileEncoding = 4; lastKnownFileType = text; path = .gitignore; sourceTree = "<group>"; };
		3A72C2812A3C600F005EAEFA /* CalendarView.swift */ = {isa = PBXFileReference; lastKnownFileType = sourcecode.swift; path = CalendarView.swift; sourceTree = "<group>"; };
		3A72C2832A3C6052005EAEFA /* CreateOfferView.swift */ = {isa = PBXFileReference; lastKnownFileType = sourcecode.swift; path = CreateOfferView.swift; sourceTree = "<group>"; };
		3A72C2852A3C605C005EAEFA /* ModifyOfferView.swift */ = {isa = PBXFileReference; lastKnownFileType = sourcecode.swift; path = ModifyOfferView.swift; sourceTree = "<group>"; };
		3A72C2872A3C6069005EAEFA /* DuplicateOfferView.swift */ = {isa = PBXFileReference; lastKnownFileType = sourcecode.swift; path = DuplicateOfferView.swift; sourceTree = "<group>"; };
		3A72C2892A3C6089005EAEFA /* ExportInvoiceView.swift */ = {isa = PBXFileReference; lastKnownFileType = sourcecode.swift; path = ExportInvoiceView.swift; sourceTree = "<group>"; };
		3A72C28B2A3C609A005EAEFA /* CreateInventoryView.swift */ = {isa = PBXFileReference; lastKnownFileType = sourcecode.swift; path = CreateInventoryView.swift; sourceTree = "<group>"; };
		3A72C28D2A3C60AB005EAEFA /* ModifyInventoryView.swift */ = {isa = PBXFileReference; lastKnownFileType = sourcecode.swift; path = ModifyInventoryView.swift; sourceTree = "<group>"; };
		3A72C28F2A3C60E2005EAEFA /* CreateServiceView.swift */ = {isa = PBXFileReference; lastKnownFileType = sourcecode.swift; path = CreateServiceView.swift; sourceTree = "<group>"; };
		3A72C2912A3C60ED005EAEFA /* ModifyServiceView.swift */ = {isa = PBXFileReference; lastKnownFileType = sourcecode.swift; path = ModifyServiceView.swift; sourceTree = "<group>"; };
		3A72C2942A3C6118005EAEFA /* CreateMemberView.swift */ = {isa = PBXFileReference; lastKnownFileType = sourcecode.swift; path = CreateMemberView.swift; sourceTree = "<group>"; };
		3A72C2962A3C6129005EAEFA /* ModifyCompanyView.swift */ = {isa = PBXFileReference; lastKnownFileType = sourcecode.swift; path = ModifyCompanyView.swift; sourceTree = "<group>"; };
		3A72C2982A3C6136005EAEFA /* CreateCustomerView.swift */ = {isa = PBXFileReference; lastKnownFileType = sourcecode.swift; path = CreateCustomerView.swift; sourceTree = "<group>"; };
		3A72C29A2A3C6143005EAEFA /* ModifyCustomerView.swift */ = {isa = PBXFileReference; lastKnownFileType = sourcecode.swift; path = ModifyCustomerView.swift; sourceTree = "<group>"; };
		3A72C29C2A3C6181005EAEFA /* ExportAnnualAccountsView.swift */ = {isa = PBXFileReference; lastKnownFileType = sourcecode.swift; path = ExportAnnualAccountsView.swift; sourceTree = "<group>"; };
		3A72C29E2A3C6199005EAEFA /* LoanCalculatorView.swift */ = {isa = PBXFileReference; lastKnownFileType = sourcecode.swift; path = LoanCalculatorView.swift; sourceTree = "<group>"; };
		3A72C2A12A3C61B7005EAEFA /* CreateWorkingHourView.swift */ = {isa = PBXFileReference; lastKnownFileType = sourcecode.swift; path = CreateWorkingHourView.swift; sourceTree = "<group>"; };
		3A72C2A32A3C61C9005EAEFA /* ExportWorkingHoursView.swift */ = {isa = PBXFileReference; lastKnownFileType = sourcecode.swift; path = ExportWorkingHoursView.swift; sourceTree = "<group>"; };
		3A72C2A52A3C61E3005EAEFA /* LogView.swift */ = {isa = PBXFileReference; lastKnownFileType = sourcecode.swift; path = LogView.swift; sourceTree = "<group>"; };
		3A72C2A72A3C61FF005EAEFA /* ModifyMemberView.swift */ = {isa = PBXFileReference; lastKnownFileType = sourcecode.swift; path = ModifyMemberView.swift; sourceTree = "<group>"; };
		3A72C2A92A3C641F005EAEFA /* ExportOfferView.swift */ = {isa = PBXFileReference; lastKnownFileType = sourcecode.swift; path = ExportOfferView.swift; sourceTree = "<group>"; };
		3A72C2AD2A3C6A08005EAEFA /* View+Title.swift */ = {isa = PBXFileReference; lastKnownFileType = sourcecode.swift; path = "View+Title.swift"; sourceTree = "<group>"; };
		3A72C2AF2A3C6C21005EAEFA /* LoginView.swift */ = {isa = PBXFileReference; lastKnownFileType = sourcecode.swift; path = LoginView.swift; sourceTree = "<group>"; };
		3A72C2B12A3C80D6005EAEFA /* NavigationCoordinator.swift */ = {isa = PBXFileReference; lastKnownFileType = sourcecode.swift; path = NavigationCoordinator.swift; sourceTree = "<group>"; };
		3A72C2B32A3C80EB005EAEFA /* LoginViewModel.swift */ = {isa = PBXFileReference; lastKnownFileType = sourcecode.swift; path = LoginViewModel.swift; sourceTree = "<group>"; };
		3A72C2B72A3C84CB005EAEFA /* Color+Accent.swift */ = {isa = PBXFileReference; lastKnownFileType = sourcecode.swift; path = "Color+Accent.swift"; sourceTree = "<group>"; };
		3A72C2BA2A3CA820005EAEFA /* NavigationSplitViewSidebar.swift */ = {isa = PBXFileReference; lastKnownFileType = sourcecode.swift; path = NavigationSplitViewSidebar.swift; sourceTree = "<group>"; };
		3A72C2BC2A3CA836005EAEFA /* NavigationSplitViewSidebarViewModel.swift */ = {isa = PBXFileReference; lastKnownFileType = sourcecode.swift; path = NavigationSplitViewSidebarViewModel.swift; sourceTree = "<group>"; };
		3A72C2C12A3CA85F005EAEFA /* NavigationSplitViewContent.swift */ = {isa = PBXFileReference; lastKnownFileType = sourcecode.swift; path = NavigationSplitViewContent.swift; sourceTree = "<group>"; };
		3A72C2C32A3CA880005EAEFA /* NavigationSplitViewContentViewModel.swift */ = {isa = PBXFileReference; lastKnownFileType = sourcecode.swift; path = NavigationSplitViewContentViewModel.swift; sourceTree = "<group>"; };
		3A72C2C52A3CA893005EAEFA /* NavigationSplitViewDetail.swift */ = {isa = PBXFileReference; lastKnownFileType = sourcecode.swift; path = NavigationSplitViewDetail.swift; sourceTree = "<group>"; };
		3A72C2C72A3CA8A3005EAEFA /* NavigationSplitViewDetailViewModel.swift */ = {isa = PBXFileReference; lastKnownFileType = sourcecode.swift; path = NavigationSplitViewDetailViewModel.swift; sourceTree = "<group>"; };
		3A72C2CA2A3CC3CA005EAEFA /* NavigationDefaultsView.swift */ = {isa = PBXFileReference; lastKnownFileType = sourcecode.swift; path = NavigationDefaultsView.swift; sourceTree = "<group>"; };
		3A72C2CC2A3CC3D8005EAEFA /* NavigationDefaultsViewModel.swift */ = {isa = PBXFileReference; lastKnownFileType = sourcecode.swift; path = NavigationDefaultsViewModel.swift; sourceTree = "<group>"; };
		3A72C2CE2A3CC3E9005EAEFA /* NavigationDefaults.swift */ = {isa = PBXFileReference; lastKnownFileType = sourcecode.swift; path = NavigationDefaults.swift; sourceTree = "<group>"; };
		3A72C2D02A3CC43E005EAEFA /* User.swift */ = {isa = PBXFileReference; lastKnownFileType = sourcecode.swift; path = User.swift; sourceTree = "<group>"; };
		3A72C2D22A3CC453005EAEFA /* NavigationItem.swift */ = {isa = PBXFileReference; lastKnownFileType = sourcecode.swift; path = NavigationItem.swift; sourceTree = "<group>"; };
		3A72C2D52A3CC491005EAEFA /* Calendar.swift */ = {isa = PBXFileReference; lastKnownFileType = sourcecode.swift; path = Calendar.swift; sourceTree = "<group>"; };
		3A72C2D82A3CC4A9005EAEFA /* Offer.swift */ = {isa = PBXFileReference; lastKnownFileType = sourcecode.swift; path = Offer.swift; sourceTree = "<group>"; };
		3A72C2DB2A3CC4C4005EAEFA /* Invoice.swift */ = {isa = PBXFileReference; lastKnownFileType = sourcecode.swift; path = Invoice.swift; sourceTree = "<group>"; };
		3A72C2DE2A3CC536005EAEFA /* Inventory.swift */ = {isa = PBXFileReference; lastKnownFileType = sourcecode.swift; path = Inventory.swift; sourceTree = "<group>"; };
		3A72C2E12A3CC568005EAEFA /* Member.swift */ = {isa = PBXFileReference; lastKnownFileType = sourcecode.swift; path = Member.swift; sourceTree = "<group>"; };
		3A72C2E42A3CC579005EAEFA /* Company.swift */ = {isa = PBXFileReference; lastKnownFileType = sourcecode.swift; path = Company.swift; sourceTree = "<group>"; };
		3A72C2E72A3CC592005EAEFA /* Customer.swift */ = {isa = PBXFileReference; lastKnownFileType = sourcecode.swift; path = Customer.swift; sourceTree = "<group>"; };
		3A72C2EA2A3CC61F005EAEFA /* Account.swift */ = {isa = PBXFileReference; lastKnownFileType = sourcecode.swift; path = Account.swift; sourceTree = "<group>"; };
		3A72C2ED2A3CC639005EAEFA /* Loan.swift */ = {isa = PBXFileReference; lastKnownFileType = sourcecode.swift; path = Loan.swift; sourceTree = "<group>"; };
		3A72C2F02A3CC64E005EAEFA /* WorkingHour.swift */ = {isa = PBXFileReference; lastKnownFileType = sourcecode.swift; path = WorkingHour.swift; sourceTree = "<group>"; };
		3A72C2F32A3CC662005EAEFA /* Log.swift */ = {isa = PBXFileReference; lastKnownFileType = sourcecode.swift; path = Log.swift; sourceTree = "<group>"; };
		3A72C2F72A3CE38D005EAEFA /* CalendarViewModel.swift */ = {isa = PBXFileReference; lastKnownFileType = sourcecode.swift; path = CalendarViewModel.swift; sourceTree = "<group>"; };
		3A72C2F92A3DB6DB005EAEFA /* CalendarDefaultsView.swift */ = {isa = PBXFileReference; lastKnownFileType = sourcecode.swift; path = CalendarDefaultsView.swift; sourceTree = "<group>"; };
		3A72C2FB2A3DB6F5005EAEFA /* CalendarDefaults.swift */ = {isa = PBXFileReference; lastKnownFileType = sourcecode.swift; path = CalendarDefaults.swift; sourceTree = "<group>"; };
		3A72C2FD2A3DB703005EAEFA /* CalendarDefaultsViewModel.swift */ = {isa = PBXFileReference; lastKnownFileType = sourcecode.swift; path = CalendarDefaultsViewModel.swift; sourceTree = "<group>"; };
		3A72C2FF2A3DCB16005EAEFA /* OffersView.swift */ = {isa = PBXFileReference; lastKnownFileType = sourcecode.swift; path = OffersView.swift; sourceTree = "<group>"; };
		3A72C3012A3DCB40005EAEFA /* OffersViewModel.swift */ = {isa = PBXFileReference; lastKnownFileType = sourcecode.swift; path = OffersViewModel.swift; sourceTree = "<group>"; };
		3A72C3032A3DCB5C005EAEFA /* InvoicesView.swift */ = {isa = PBXFileReference; lastKnownFileType = sourcecode.swift; path = InvoicesView.swift; sourceTree = "<group>"; };
		3A72C3052A3DCB93005EAEFA /* InvoicesViewModel.swift */ = {isa = PBXFileReference; lastKnownFileType = sourcecode.swift; path = InvoicesViewModel.swift; sourceTree = "<group>"; };
		3A72C3072A3DCBAC005EAEFA /* ServicesView.swift */ = {isa = PBXFileReference; lastKnownFileType = sourcecode.swift; path = ServicesView.swift; sourceTree = "<group>"; };
		3A72C3092A3DCBC6005EAEFA /* ServicesViewModel.swift */ = {isa = PBXFileReference; lastKnownFileType = sourcecode.swift; path = ServicesViewModel.swift; sourceTree = "<group>"; };
		3A72C30B2A3DCC9C005EAEFA /* InventoriesView.swift */ = {isa = PBXFileReference; lastKnownFileType = sourcecode.swift; path = InventoriesView.swift; sourceTree = "<group>"; };
		3A72C30D2A3DCCCF005EAEFA /* InventoriesViewModel.swift */ = {isa = PBXFileReference; lastKnownFileType = sourcecode.swift; path = InventoriesViewModel.swift; sourceTree = "<group>"; };
		3A72C30F2A3DCCE2005EAEFA /* MembersView.swift */ = {isa = PBXFileReference; lastKnownFileType = sourcecode.swift; path = MembersView.swift; sourceTree = "<group>"; };
		3A72C3112A3DCD0E005EAEFA /* MembersViewModel.swift */ = {isa = PBXFileReference; lastKnownFileType = sourcecode.swift; path = MembersViewModel.swift; sourceTree = "<group>"; };
		3A72C3132A3DCD34005EAEFA /* CompanyView.swift */ = {isa = PBXFileReference; lastKnownFileType = sourcecode.swift; path = CompanyView.swift; sourceTree = "<group>"; };
		3A72C3152A3DCD5E005EAEFA /* CompanyViewModel.swift */ = {isa = PBXFileReference; lastKnownFileType = sourcecode.swift; path = CompanyViewModel.swift; sourceTree = "<group>"; };
		3A72C3172A3DCD75005EAEFA /* CustomersView.swift */ = {isa = PBXFileReference; lastKnownFileType = sourcecode.swift; path = CustomersView.swift; sourceTree = "<group>"; };
		3A72C3192A3DCD9D005EAEFA /* CustomersViewModel.swift */ = {isa = PBXFileReference; lastKnownFileType = sourcecode.swift; path = CustomersViewModel.swift; sourceTree = "<group>"; };
		3A72C31B2A3DCDBF005EAEFA /* AccountsView.swift */ = {isa = PBXFileReference; lastKnownFileType = sourcecode.swift; path = AccountsView.swift; sourceTree = "<group>"; };
		3A72C31D2A3DCDE7005EAEFA /* AccountsViewModel.swift */ = {isa = PBXFileReference; lastKnownFileType = sourcecode.swift; path = AccountsViewModel.swift; sourceTree = "<group>"; };
		3A72C31F2A3DCDFF005EAEFA /* LoansView.swift */ = {isa = PBXFileReference; lastKnownFileType = sourcecode.swift; path = LoansView.swift; sourceTree = "<group>"; };
		3A72C3212A3DCE15005EAEFA /* LoansViewModel.swift */ = {isa = PBXFileReference; lastKnownFileType = sourcecode.swift; path = LoansViewModel.swift; sourceTree = "<group>"; };
		3A72C3232A3DCE35005EAEFA /* WorkingHoursView.swift */ = {isa = PBXFileReference; lastKnownFileType = sourcecode.swift; path = WorkingHoursView.swift; sourceTree = "<group>"; };
		3A72C3252A3DCE88005EAEFA /* LogViewModel.swift */ = {isa = PBXFileReference; lastKnownFileType = sourcecode.swift; path = LogViewModel.swift; sourceTree = "<group>"; };
		3A72C3272A3DCEF9005EAEFA /* WorkingHoursViewModel.swift */ = {isa = PBXFileReference; lastKnownFileType = sourcecode.swift; path = WorkingHoursViewModel.swift; sourceTree = "<group>"; };
/* End PBXFileReference section */

/* Begin PBXFrameworksBuildPhase section */
		3A72C2472A3C5E44005EAEFA /* Frameworks */ = {
			isa = PBXFrameworksBuildPhase;
			buildActionMask = 2147483647;
			files = (
			);
			runOnlyForDeploymentPostprocessing = 0;
		};
		3A72C2572A3C5E45005EAEFA /* Frameworks */ = {
			isa = PBXFrameworksBuildPhase;
			buildActionMask = 2147483647;
			files = (
			);
			runOnlyForDeploymentPostprocessing = 0;
		};
		3A72C2612A3C5E45005EAEFA /* Frameworks */ = {
			isa = PBXFrameworksBuildPhase;
			buildActionMask = 2147483647;
			files = (
			);
			runOnlyForDeploymentPostprocessing = 0;
		};
/* End PBXFrameworksBuildPhase section */

/* Begin PBXGroup section */
		3A72C2412A3C5E44005EAEFA = {
			isa = PBXGroup;
			children = (
				3A72C27B2A3C5E7D005EAEFA /* .gitignore */,
				3A72C2782A3C5E67005EAEFA /* LICENSE */,
				3A72C2772A3C5E67005EAEFA /* README.md */,
				3A72C24C2A3C5E44005EAEFA /* Ledger */,
				3A72C25D2A3C5E45005EAEFA /* LedgerTests */,
				3A72C2672A3C5E45005EAEFA /* LedgerUITests */,
				3A72C24B2A3C5E44005EAEFA /* Products */,
			);
			sourceTree = "<group>";
		};
		3A72C24B2A3C5E44005EAEFA /* Products */ = {
			isa = PBXGroup;
			children = (
				3A72C24A2A3C5E44005EAEFA /* Ledger.app */,
				3A72C25A2A3C5E45005EAEFA /* LedgerTests.xctest */,
				3A72C2642A3C5E45005EAEFA /* LedgerUITests.xctest */,
			);
			name = Products;
			sourceTree = "<group>";
		};
		3A72C24C2A3C5E44005EAEFA /* Ledger */ = {
			isa = PBXGroup;
			children = (
				3A72C24D2A3C5E44005EAEFA /* LedgerApp.swift */,
				3A72C2B52A3C80FC005EAEFA /* Views */,
				3A72C2AB2A3C69FB005EAEFA /* Extensions */,
				3A72C2512A3C5E45005EAEFA /* Assets.xcassets */,
				3A72C2532A3C5E45005EAEFA /* Preview Content */,
			);
			path = Ledger;
			sourceTree = "<group>";
		};
		3A72C2532A3C5E45005EAEFA /* Preview Content */ = {
			isa = PBXGroup;
			children = (
				3A72C2542A3C5E45005EAEFA /* Preview Assets.xcassets */,
			);
			path = "Preview Content";
			sourceTree = "<group>";
		};
		3A72C25D2A3C5E45005EAEFA /* LedgerTests */ = {
			isa = PBXGroup;
			children = (
				3A72C25E2A3C5E45005EAEFA /* LedgerTests.swift */,
			);
			path = LedgerTests;
			sourceTree = "<group>";
		};
		3A72C2672A3C5E45005EAEFA /* LedgerUITests */ = {
			isa = PBXGroup;
			children = (
				3A72C2682A3C5E45005EAEFA /* LedgerUITests.swift */,
				3A72C26A2A3C5E45005EAEFA /* LedgerUITestsLaunchTests.swift */,
			);
			path = LedgerUITests;
			sourceTree = "<group>";
		};
		3A72C2AB2A3C69FB005EAEFA /* Extensions */ = {
			isa = PBXGroup;
			children = (
				3A72C2AC2A3C6A03005EAEFA /* SwiftUI */,
			);
			path = Extensions;
			sourceTree = "<group>";
		};
		3A72C2AC2A3C6A03005EAEFA /* SwiftUI */ = {
			isa = PBXGroup;
			children = (
				3A72C2AD2A3C6A08005EAEFA /* View+Title.swift */,
				3A72C2B72A3C84CB005EAEFA /* Color+Accent.swift */,
			);
			path = SwiftUI;
			sourceTree = "<group>";
		};
		3A72C2B52A3C80FC005EAEFA /* Views */ = {
			isa = PBXGroup;
			children = (
				3A72C2E92A3CC61A005EAEFA /* Accounts */,
				3A72C2D42A3CC481005EAEFA /* Calendar */,
				3A72C2E32A3CC570005EAEFA /* Company */,
				3A72C2E62A3CC586005EAEFA /* Customers */,
				3A72C2DD2A3CC525005EAEFA /* Inventories */,
				3A72C2DA2A3CC4BB005EAEFA /* Invoices */,
				3A72C2EC2A3CC62C005EAEFA /* Loans */,
				3A72C2F22A3CC65D005EAEFA /* Log */,
				3A72C2B62A3C8109005EAEFA /* Login */,
				3A72C2E02A3CC55A005EAEFA /* Members */,
				3A72C2F62A3CC74B005EAEFA /* Navigation */,
				3A72C2D72A3CC4A2005EAEFA /* Offers */,
				3A72C2F52A3CC677005EAEFA /* Services */,
				3A72C2EF2A3CC646005EAEFA /* WorkingHours */,
			);
			path = Views;
			sourceTree = "<group>";
		};
		3A72C2B62A3C8109005EAEFA /* Login */ = {
			isa = PBXGroup;
			children = (
				3A72C2AF2A3C6C21005EAEFA /* LoginView.swift */,
				3A72C2B32A3C80EB005EAEFA /* LoginViewModel.swift */,
				3A72C2D02A3CC43E005EAEFA /* User.swift */,
			);
			path = Login;
			sourceTree = "<group>";
		};
		3A72C2D42A3CC481005EAEFA /* Calendar */ = {
			isa = PBXGroup;
			children = (
				3A72C2812A3C600F005EAEFA /* CalendarView.swift */,
				3A72C2F92A3DB6DB005EAEFA /* CalendarDefaultsView.swift */,
				3A72C2FB2A3DB6F5005EAEFA /* CalendarDefaults.swift */,
				3A72C2FD2A3DB703005EAEFA /* CalendarDefaultsViewModel.swift */,
				3A72C2F72A3CE38D005EAEFA /* CalendarViewModel.swift */,
				3A72C2D52A3CC491005EAEFA /* Calendar.swift */,
			);
			path = Calendar;
			sourceTree = "<group>";
		};
		3A72C2D72A3CC4A2005EAEFA /* Offers */ = {
			isa = PBXGroup;
			children = (
				3A72C2832A3C6052005EAEFA /* CreateOfferView.swift */,
				3A72C2852A3C605C005EAEFA /* ModifyOfferView.swift */,
				3A72C2872A3C6069005EAEFA /* DuplicateOfferView.swift */,
				3A72C2A92A3C641F005EAEFA /* ExportOfferView.swift */,
				3A72C2D82A3CC4A9005EAEFA /* Offer.swift */,
				3A72C2FF2A3DCB16005EAEFA /* OffersView.swift */,
				3A72C3012A3DCB40005EAEFA /* OffersViewModel.swift */,
			);
			path = Offers;
			sourceTree = "<group>";
		};
		3A72C2DA2A3CC4BB005EAEFA /* Invoices */ = {
			isa = PBXGroup;
			children = (
				3A72C2892A3C6089005EAEFA /* ExportInvoiceView.swift */,
				3A72C2DB2A3CC4C4005EAEFA /* Invoice.swift */,
				3A72C3032A3DCB5C005EAEFA /* InvoicesView.swift */,
				3A72C3052A3DCB93005EAEFA /* InvoicesViewModel.swift */,
			);
			path = Invoices;
			sourceTree = "<group>";
		};
		3A72C2DD2A3CC525005EAEFA /* Inventories */ = {
			isa = PBXGroup;
			children = (
				3A72C28B2A3C609A005EAEFA /* CreateInventoryView.swift */,
				3A72C28D2A3C60AB005EAEFA /* ModifyInventoryView.swift */,
				3A72C2DE2A3CC536005EAEFA /* Inventory.swift */,
				3A72C30B2A3DCC9C005EAEFA /* InventoriesView.swift */,
				3A72C30D2A3DCCCF005EAEFA /* InventoriesViewModel.swift */,
			);
			path = Inventories;
			sourceTree = "<group>";
		};
		3A72C2E02A3CC55A005EAEFA /* Members */ = {
			isa = PBXGroup;
			children = (
				3A72C2942A3C6118005EAEFA /* CreateMemberView.swift */,
				3A72C2A72A3C61FF005EAEFA /* ModifyMemberView.swift */,
				3A72C2E12A3CC568005EAEFA /* Member.swift */,
				3A72C30F2A3DCCE2005EAEFA /* MembersView.swift */,
				3A72C3112A3DCD0E005EAEFA /* MembersViewModel.swift */,
			);
			path = Members;
			sourceTree = "<group>";
		};
		3A72C2E32A3CC570005EAEFA /* Company */ = {
			isa = PBXGroup;
			children = (
				3A72C2962A3C6129005EAEFA /* ModifyCompanyView.swift */,
				3A72C2E42A3CC579005EAEFA /* Company.swift */,
				3A72C3132A3DCD34005EAEFA /* CompanyView.swift */,
				3A72C3152A3DCD5E005EAEFA /* CompanyViewModel.swift */,
			);
			name = Company;
			path = Content/Company;
			sourceTree = "<group>";
		};
		3A72C2E62A3CC586005EAEFA /* Customers */ = {
			isa = PBXGroup;
			children = (
				3A72C2982A3C6136005EAEFA /* CreateCustomerView.swift */,
				3A72C29A2A3C6143005EAEFA /* ModifyCustomerView.swift */,
				3A72C2E72A3CC592005EAEFA /* Customer.swift */,
				3A72C3172A3DCD75005EAEFA /* CustomersView.swift */,
				3A72C3192A3DCD9D005EAEFA /* CustomersViewModel.swift */,
			);
			path = Customers;
			sourceTree = "<group>";
		};
		3A72C2E92A3CC61A005EAEFA /* Accounts */ = {
			isa = PBXGroup;
			children = (
				3A72C29C2A3C6181005EAEFA /* ExportAnnualAccountsView.swift */,
				3A72C2EA2A3CC61F005EAEFA /* Account.swift */,
				3A72C31B2A3DCDBF005EAEFA /* AccountsView.swift */,
				3A72C31D2A3DCDE7005EAEFA /* AccountsViewModel.swift */,
			);
			path = Accounts;
			sourceTree = "<group>";
		};
		3A72C2EC2A3CC62C005EAEFA /* Loans */ = {
			isa = PBXGroup;
			children = (
				3A72C29E2A3C6199005EAEFA /* LoanCalculatorView.swift */,
				3A72C2ED2A3CC639005EAEFA /* Loan.swift */,
				3A72C31F2A3DCDFF005EAEFA /* LoansView.swift */,
				3A72C3212A3DCE15005EAEFA /* LoansViewModel.swift */,
			);
			path = Loans;
			sourceTree = "<group>";
		};
		3A72C2EF2A3CC646005EAEFA /* WorkingHours */ = {
			isa = PBXGroup;
			children = (
				3A72C2A12A3C61B7005EAEFA /* CreateWorkingHourView.swift */,
				3A72C2A32A3C61C9005EAEFA /* ExportWorkingHoursView.swift */,
				3A72C2F02A3CC64E005EAEFA /* WorkingHour.swift */,
				3A72C3232A3DCE35005EAEFA /* WorkingHoursView.swift */,
				3A72C3272A3DCEF9005EAEFA /* WorkingHoursViewModel.swift */,
			);
			path = WorkingHours;
			sourceTree = "<group>";
		};
		3A72C2F22A3CC65D005EAEFA /* Log */ = {
			isa = PBXGroup;
			children = (
				3A72C2A52A3C61E3005EAEFA /* LogView.swift */,
				3A72C2F32A3CC662005EAEFA /* Log.swift */,
				3A72C3252A3DCE88005EAEFA /* LogViewModel.swift */,
			);
			path = Log;
			sourceTree = "<group>";
		};
		3A72C2F52A3CC677005EAEFA /* Services */ = {
			isa = PBXGroup;
			children = (
				3A72C28F2A3C60E2005EAEFA /* CreateServiceView.swift */,
				3A72C2912A3C60ED005EAEFA /* ModifyServiceView.swift */,
				3A72C24F2A3C5E44005EAEFA /* Service.swift */,
				3A72C3072A3DCBAC005EAEFA /* ServicesView.swift */,
				3A72C3092A3DCBC6005EAEFA /* ServicesViewModel.swift */,
			);
			path = Services;
			sourceTree = "<group>";
		};
		3A72C2F62A3CC74B005EAEFA /* Navigation */ = {
			isa = PBXGroup;
			children = (
				3A72C2B12A3C80D6005EAEFA /* NavigationCoordinator.swift */,
				3A72C2C52A3CA893005EAEFA /* NavigationSplitViewDetail.swift */,
				3A72C2C72A3CA8A3005EAEFA /* NavigationSplitViewDetailViewModel.swift */,
				3A72C2BA2A3CA820005EAEFA /* NavigationSplitViewSidebar.swift */,
				3A72C2BC2A3CA836005EAEFA /* NavigationSplitViewSidebarViewModel.swift */,
				3A72C2D22A3CC453005EAEFA /* NavigationItem.swift */,
				3A72C2CA2A3CC3CA005EAEFA /* NavigationDefaultsView.swift */,
				3A72C2CC2A3CC3D8005EAEFA /* NavigationDefaultsViewModel.swift */,
				3A72C2CE2A3CC3E9005EAEFA /* NavigationDefaults.swift */,
				3A72C2C12A3CA85F005EAEFA /* NavigationSplitViewContent.swift */,
				3A72C2C32A3CA880005EAEFA /* NavigationSplitViewContentViewModel.swift */,
			);
			path = Navigation;
			sourceTree = "<group>";
		};
/* End PBXGroup section */

/* Begin PBXNativeTarget section */
		3A72C2492A3C5E44005EAEFA /* Ledger */ = {
			isa = PBXNativeTarget;
			buildConfigurationList = 3A72C26E2A3C5E45005EAEFA /* Build configuration list for PBXNativeTarget "Ledger" */;
			buildPhases = (
				3A72C2462A3C5E44005EAEFA /* Sources */,
				3A72C2472A3C5E44005EAEFA /* Frameworks */,
				3A72C2482A3C5E44005EAEFA /* Resources */,
			);
			buildRules = (
			);
			dependencies = (
			);
			name = Ledger;
			productName = Dashboard;
			productReference = 3A72C24A2A3C5E44005EAEFA /* Ledger.app */;
			productType = "com.apple.product-type.application";
		};
		3A72C2592A3C5E45005EAEFA /* LedgerTests */ = {
			isa = PBXNativeTarget;
			buildConfigurationList = 3A72C2712A3C5E45005EAEFA /* Build configuration list for PBXNativeTarget "LedgerTests" */;
			buildPhases = (
				3A72C2562A3C5E45005EAEFA /* Sources */,
				3A72C2572A3C5E45005EAEFA /* Frameworks */,
				3A72C2582A3C5E45005EAEFA /* Resources */,
			);
			buildRules = (
			);
			dependencies = (
				3A72C25C2A3C5E45005EAEFA /* PBXTargetDependency */,
			);
			name = LedgerTests;
			productName = DashboardTests;
			productReference = 3A72C25A2A3C5E45005EAEFA /* LedgerTests.xctest */;
			productType = "com.apple.product-type.bundle.unit-test";
		};
		3A72C2632A3C5E45005EAEFA /* LedgerUITests */ = {
			isa = PBXNativeTarget;
			buildConfigurationList = 3A72C2742A3C5E45005EAEFA /* Build configuration list for PBXNativeTarget "LedgerUITests" */;
			buildPhases = (
				3A72C2602A3C5E45005EAEFA /* Sources */,
				3A72C2612A3C5E45005EAEFA /* Frameworks */,
				3A72C2622A3C5E45005EAEFA /* Resources */,
			);
			buildRules = (
			);
			dependencies = (
				3A72C2662A3C5E45005EAEFA /* PBXTargetDependency */,
			);
			name = LedgerUITests;
			productName = DashboardUITests;
			productReference = 3A72C2642A3C5E45005EAEFA /* LedgerUITests.xctest */;
			productType = "com.apple.product-type.bundle.ui-testing";
		};
/* End PBXNativeTarget section */

/* Begin PBXProject section */
		3A72C2422A3C5E44005EAEFA /* Project object */ = {
			isa = PBXProject;
			attributes = {
				BuildIndependentTargetsInParallel = 1;
				LastSwiftUpdateCheck = 1500;
				LastUpgradeCheck = 1500;
				TargetAttributes = {
					3A72C2492A3C5E44005EAEFA = {
						CreatedOnToolsVersion = 15.0;
					};
					3A72C2592A3C5E45005EAEFA = {
						CreatedOnToolsVersion = 15.0;
						TestTargetID = 3A72C2492A3C5E44005EAEFA;
					};
					3A72C2632A3C5E45005EAEFA = {
						CreatedOnToolsVersion = 15.0;
						TestTargetID = 3A72C2492A3C5E44005EAEFA;
					};
				};
			};
			buildConfigurationList = 3A72C2452A3C5E44005EAEFA /* Build configuration list for PBXProject "Ledger" */;
			compatibilityVersion = "Xcode 14.0";
			developmentRegion = en;
			hasScannedForEncodings = 0;
			knownRegions = (
				en,
				Base,
			);
			mainGroup = 3A72C2412A3C5E44005EAEFA;
			productRefGroup = 3A72C24B2A3C5E44005EAEFA /* Products */;
			projectDirPath = "";
			projectRoot = "";
			targets = (
				3A72C2492A3C5E44005EAEFA /* Ledger */,
				3A72C2592A3C5E45005EAEFA /* LedgerTests */,
				3A72C2632A3C5E45005EAEFA /* LedgerUITests */,
			);
		};
/* End PBXProject section */

/* Begin PBXResourcesBuildPhase section */
		3A72C2482A3C5E44005EAEFA /* Resources */ = {
			isa = PBXResourcesBuildPhase;
			buildActionMask = 2147483647;
			files = (
				3A72C27C2A3C5E7D005EAEFA /* .gitignore in Resources */,
				3A72C2792A3C5E68005EAEFA /* README.md in Resources */,
				3A72C2552A3C5E45005EAEFA /* Preview Assets.xcassets in Resources */,
				3A72C27A2A3C5E68005EAEFA /* LICENSE in Resources */,
				3A72C2522A3C5E45005EAEFA /* Assets.xcassets in Resources */,
			);
			runOnlyForDeploymentPostprocessing = 0;
		};
		3A72C2582A3C5E45005EAEFA /* Resources */ = {
			isa = PBXResourcesBuildPhase;
			buildActionMask = 2147483647;
			files = (
			);
			runOnlyForDeploymentPostprocessing = 0;
		};
		3A72C2622A3C5E45005EAEFA /* Resources */ = {
			isa = PBXResourcesBuildPhase;
			buildActionMask = 2147483647;
			files = (
			);
			runOnlyForDeploymentPostprocessing = 0;
		};
/* End PBXResourcesBuildPhase section */

/* Begin PBXSourcesBuildPhase section */
		3A72C2462A3C5E44005EAEFA /* Sources */ = {
			isa = PBXSourcesBuildPhase;
			buildActionMask = 2147483647;
			files = (
				3A72C2862A3C605C005EAEFA /* ModifyOfferView.swift in Sources */,
				3A72C2AA2A3C641F005EAEFA /* ExportOfferView.swift in Sources */,
				3A72C28C2A3C609A005EAEFA /* CreateInventoryView.swift in Sources */,
				3A72C28E2A3C60AB005EAEFA /* ModifyInventoryView.swift in Sources */,
				3A72C3122A3DCD0E005EAEFA /* MembersViewModel.swift in Sources */,
				3A72C2F82A3CE38D005EAEFA /* CalendarViewModel.swift in Sources */,
				3A72C2C62A3CA893005EAEFA /* NavigationSplitViewDetail.swift in Sources */,
				3A72C2BB2A3CA820005EAEFA /* NavigationSplitViewSidebar.swift in Sources */,
				3A72C2E82A3CC592005EAEFA /* Customer.swift in Sources */,
				3A72C2C42A3CA880005EAEFA /* NavigationSplitViewContentViewModel.swift in Sources */,
				3A72C2E52A3CC579005EAEFA /* Company.swift in Sources */,
				3A72C2882A3C6069005EAEFA /* DuplicateOfferView.swift in Sources */,
				3A72C2FC2A3DB6F5005EAEFA /* CalendarDefaults.swift in Sources */,
				3A72C3222A3DCE15005EAEFA /* LoansViewModel.swift in Sources */,
				3A72C2D32A3CC453005EAEFA /* NavigationItem.swift in Sources */,
				3A72C2F12A3CC64E005EAEFA /* WorkingHour.swift in Sources */,
				3A72C2A22A3C61B7005EAEFA /* CreateWorkingHourView.swift in Sources */,
				3A72C2B02A3C6C21005EAEFA /* LoginView.swift in Sources */,
				3A72C2AE2A3C6A08005EAEFA /* View+Title.swift in Sources */,
				3A72C3162A3DCD5E005EAEFA /* CompanyViewModel.swift in Sources */,
				3A72C2B42A3C80EB005EAEFA /* LoginViewModel.swift in Sources */,
				3A72C2FA2A3DB6DB005EAEFA /* CalendarDefaultsView.swift in Sources */,
				3A72C29B2A3C6143005EAEFA /* ModifyCustomerView.swift in Sources */,
				3A72C2CB2A3CC3CA005EAEFA /* NavigationDefaultsView.swift in Sources */,
				3A72C29D2A3C6181005EAEFA /* ExportAnnualAccountsView.swift in Sources */,
				3A72C30A2A3DCBC6005EAEFA /* ServicesViewModel.swift in Sources */,
				3A72C2CD2A3CC3D8005EAEFA /* NavigationDefaultsViewModel.swift in Sources */,
				3A72C2502A3C5E44005EAEFA /* Service.swift in Sources */,
				3A72C3062A3DCB93005EAEFA /* InvoicesViewModel.swift in Sources */,
				3A72C2842A3C6052005EAEFA /* CreateOfferView.swift in Sources */,
				3A72C2B82A3C84CB005EAEFA /* Color+Accent.swift in Sources */,
				3A72C2A82A3C61FF005EAEFA /* ModifyMemberView.swift in Sources */,
				3A72C31A2A3DCD9D005EAEFA /* CustomersViewModel.swift in Sources */,
				3A72C3142A3DCD34005EAEFA /* CompanyView.swift in Sources */,
				3A72C2DC2A3CC4C4005EAEFA /* Invoice.swift in Sources */,
				3A72C2902A3C60E2005EAEFA /* CreateServiceView.swift in Sources */,
				3A72C3262A3DCE88005EAEFA /* LogViewModel.swift in Sources */,
				3A72C2D62A3CC491005EAEFA /* Calendar.swift in Sources */,
				3A72C31C2A3DCDBF005EAEFA /* AccountsView.swift in Sources */,
				3A72C29F2A3C6199005EAEFA /* LoanCalculatorView.swift in Sources */,
				3A72C2D92A3CC4A9005EAEFA /* Offer.swift in Sources */,
				3A72C2F42A3CC662005EAEFA /* Log.swift in Sources */,
				3A72C31E2A3DCDE7005EAEFA /* AccountsViewModel.swift in Sources */,
				3A72C2DF2A3CC536005EAEFA /* Inventory.swift in Sources */,
				3A72C2C82A3CA8A3005EAEFA /* NavigationSplitViewDetailViewModel.swift in Sources */,
				3A72C2EE2A3CC639005EAEFA /* Loan.swift in Sources */,
				3A72C2D12A3CC43E005EAEFA /* User.swift in Sources */,
				3A72C2EB2A3CC61F005EAEFA /* Account.swift in Sources */,
				3A72C3022A3DCB40005EAEFA /* OffersViewModel.swift in Sources */,
				3A72C2C22A3CA85F005EAEFA /* NavigationSplitViewContent.swift in Sources */,
				3A72C3042A3DCB5C005EAEFA /* InvoicesView.swift in Sources */,
				3A72C24E2A3C5E44005EAEFA /* LedgerApp.swift in Sources */,
				3A72C2992A3C6136005EAEFA /* CreateCustomerView.swift in Sources */,
				3A72C2E22A3CC568005EAEFA /* Member.swift in Sources */,
				3A72C3202A3DCDFF005EAEFA /* LoansView.swift in Sources */,
				3A72C3242A3DCE35005EAEFA /* WorkingHoursView.swift in Sources */,
				3A72C3102A3DCCE2005EAEFA /* MembersView.swift in Sources */,
				3A72C2FE2A3DB703005EAEFA /* CalendarDefaultsViewModel.swift in Sources */,
				3A72C2A62A3C61E3005EAEFA /* LogView.swift in Sources */,
				3A72C2972A3C6129005EAEFA /* ModifyCompanyView.swift in Sources */,
				3A72C30C2A3DCC9C005EAEFA /* InventoriesView.swift in Sources */,
				3A72C3182A3DCD75005EAEFA /* CustomersView.swift in Sources */,
				3A72C30E2A3DCCCF005EAEFA /* InventoriesViewModel.swift in Sources */,
				3A72C2952A3C6118005EAEFA /* CreateMemberView.swift in Sources */,
				3A72C28A2A3C6089005EAEFA /* ExportInvoiceView.swift in Sources */,
				3A72C2822A3C600F005EAEFA /* CalendarView.swift in Sources */,
				3A72C2BD2A3CA836005EAEFA /* NavigationSplitViewSidebarViewModel.swift in Sources */,
				3A72C3082A3DCBAC005EAEFA /* ServicesView.swift in Sources */,
				3A72C2CF2A3CC3E9005EAEFA /* NavigationDefaults.swift in Sources */,
				3A72C2B22A3C80D6005EAEFA /* NavigationCoordinator.swift in Sources */,
				3A72C3282A3DCEF9005EAEFA /* WorkingHoursViewModel.swift in Sources */,
				3A72C3002A3DCB16005EAEFA /* OffersView.swift in Sources */,
				3A72C2922A3C60ED005EAEFA /* ModifyServiceView.swift in Sources */,
				3A72C2A42A3C61C9005EAEFA /* ExportWorkingHoursView.swift in Sources */,
			);
			runOnlyForDeploymentPostprocessing = 0;
		};
		3A72C2562A3C5E45005EAEFA /* Sources */ = {
			isa = PBXSourcesBuildPhase;
			buildActionMask = 2147483647;
			files = (
				3A72C25F2A3C5E45005EAEFA /* LedgerTests.swift in Sources */,
			);
			runOnlyForDeploymentPostprocessing = 0;
		};
		3A72C2602A3C5E45005EAEFA /* Sources */ = {
			isa = PBXSourcesBuildPhase;
			buildActionMask = 2147483647;
			files = (
				3A72C2692A3C5E45005EAEFA /* LedgerUITests.swift in Sources */,
				3A72C26B2A3C5E45005EAEFA /* LedgerUITestsLaunchTests.swift in Sources */,
			);
			runOnlyForDeploymentPostprocessing = 0;
		};
/* End PBXSourcesBuildPhase section */

/* Begin PBXTargetDependency section */
		3A72C25C2A3C5E45005EAEFA /* PBXTargetDependency */ = {
			isa = PBXTargetDependency;
			target = 3A72C2492A3C5E44005EAEFA /* Ledger */;
			targetProxy = 3A72C25B2A3C5E45005EAEFA /* PBXContainerItemProxy */;
		};
		3A72C2662A3C5E45005EAEFA /* PBXTargetDependency */ = {
			isa = PBXTargetDependency;
			target = 3A72C2492A3C5E44005EAEFA /* Ledger */;
			targetProxy = 3A72C2652A3C5E45005EAEFA /* PBXContainerItemProxy */;
		};
/* End PBXTargetDependency section */

/* Begin XCBuildConfiguration section */
		3A72C26C2A3C5E45005EAEFA /* Debug */ = {
			isa = XCBuildConfiguration;
			buildSettings = {
				ALWAYS_SEARCH_USER_PATHS = NO;
				ASSETCATALOG_COMPILER_GENERATE_SWIFT_ASSET_SYMBOL_EXTENSIONS = YES;
				CLANG_ANALYZER_NONNULL = YES;
				CLANG_ANALYZER_NUMBER_OBJECT_CONVERSION = YES_AGGRESSIVE;
				CLANG_CXX_LANGUAGE_STANDARD = "gnu++20";
				CLANG_ENABLE_MODULES = YES;
				CLANG_ENABLE_OBJC_ARC = YES;
				CLANG_ENABLE_OBJC_WEAK = YES;
				CLANG_WARN_BLOCK_CAPTURE_AUTORELEASING = YES;
				CLANG_WARN_BOOL_CONVERSION = YES;
				CLANG_WARN_COMMA = YES;
				CLANG_WARN_CONSTANT_CONVERSION = YES;
				CLANG_WARN_DEPRECATED_OBJC_IMPLEMENTATIONS = YES;
				CLANG_WARN_DIRECT_OBJC_ISA_USAGE = YES_ERROR;
				CLANG_WARN_DOCUMENTATION_COMMENTS = YES;
				CLANG_WARN_EMPTY_BODY = YES;
				CLANG_WARN_ENUM_CONVERSION = YES;
				CLANG_WARN_INFINITE_RECURSION = YES;
				CLANG_WARN_INT_CONVERSION = YES;
				CLANG_WARN_NON_LITERAL_NULL_CONVERSION = YES;
				CLANG_WARN_OBJC_IMPLICIT_RETAIN_SELF = YES;
				CLANG_WARN_OBJC_LITERAL_CONVERSION = YES;
				CLANG_WARN_OBJC_ROOT_CLASS = YES_ERROR;
				CLANG_WARN_QUOTED_INCLUDE_IN_FRAMEWORK_HEADER = YES;
				CLANG_WARN_RANGE_LOOP_ANALYSIS = YES;
				CLANG_WARN_STRICT_PROTOTYPES = YES;
				CLANG_WARN_SUSPICIOUS_MOVE = YES;
				CLANG_WARN_UNGUARDED_AVAILABILITY = YES_AGGRESSIVE;
				CLANG_WARN_UNREACHABLE_CODE = YES;
				CLANG_WARN__DUPLICATE_METHOD_MATCH = YES;
				COPY_PHASE_STRIP = NO;
				DEBUG_INFORMATION_FORMAT = dwarf;
				ENABLE_STRICT_OBJC_MSGSEND = YES;
				ENABLE_TESTABILITY = YES;
				ENABLE_USER_SCRIPT_SANDBOXING = YES;
				GCC_C_LANGUAGE_STANDARD = gnu17;
				GCC_DYNAMIC_NO_PIC = NO;
				GCC_NO_COMMON_BLOCKS = YES;
				GCC_OPTIMIZATION_LEVEL = 0;
				GCC_PREPROCESSOR_DEFINITIONS = (
					"DEBUG=1",
					"$(inherited)",
				);
				GCC_WARN_64_TO_32_BIT_CONVERSION = YES;
				GCC_WARN_ABOUT_RETURN_TYPE = YES_ERROR;
				GCC_WARN_UNDECLARED_SELECTOR = YES;
				GCC_WARN_UNINITIALIZED_AUTOS = YES_AGGRESSIVE;
				GCC_WARN_UNUSED_FUNCTION = YES;
				GCC_WARN_UNUSED_VARIABLE = YES;
				IPHONEOS_DEPLOYMENT_TARGET = 17.0;
				LOCALIZATION_PREFERS_STRING_CATALOGS = YES;
				MTL_ENABLE_DEBUG_INFO = INCLUDE_SOURCE;
				MTL_FAST_MATH = YES;
				ONLY_ACTIVE_ARCH = YES;
				SDKROOT = iphoneos;
				SWIFT_ACTIVE_COMPILATION_CONDITIONS = "DEBUG $(inherited)";
				SWIFT_OPTIMIZATION_LEVEL = "-Onone";
			};
			name = Debug;
		};
		3A72C26D2A3C5E45005EAEFA /* Release */ = {
			isa = XCBuildConfiguration;
			buildSettings = {
				ALWAYS_SEARCH_USER_PATHS = NO;
				ASSETCATALOG_COMPILER_GENERATE_SWIFT_ASSET_SYMBOL_EXTENSIONS = YES;
				CLANG_ANALYZER_NONNULL = YES;
				CLANG_ANALYZER_NUMBER_OBJECT_CONVERSION = YES_AGGRESSIVE;
				CLANG_CXX_LANGUAGE_STANDARD = "gnu++20";
				CLANG_ENABLE_MODULES = YES;
				CLANG_ENABLE_OBJC_ARC = YES;
				CLANG_ENABLE_OBJC_WEAK = YES;
				CLANG_WARN_BLOCK_CAPTURE_AUTORELEASING = YES;
				CLANG_WARN_BOOL_CONVERSION = YES;
				CLANG_WARN_COMMA = YES;
				CLANG_WARN_CONSTANT_CONVERSION = YES;
				CLANG_WARN_DEPRECATED_OBJC_IMPLEMENTATIONS = YES;
				CLANG_WARN_DIRECT_OBJC_ISA_USAGE = YES_ERROR;
				CLANG_WARN_DOCUMENTATION_COMMENTS = YES;
				CLANG_WARN_EMPTY_BODY = YES;
				CLANG_WARN_ENUM_CONVERSION = YES;
				CLANG_WARN_INFINITE_RECURSION = YES;
				CLANG_WARN_INT_CONVERSION = YES;
				CLANG_WARN_NON_LITERAL_NULL_CONVERSION = YES;
				CLANG_WARN_OBJC_IMPLICIT_RETAIN_SELF = YES;
				CLANG_WARN_OBJC_LITERAL_CONVERSION = YES;
				CLANG_WARN_OBJC_ROOT_CLASS = YES_ERROR;
				CLANG_WARN_QUOTED_INCLUDE_IN_FRAMEWORK_HEADER = YES;
				CLANG_WARN_RANGE_LOOP_ANALYSIS = YES;
				CLANG_WARN_STRICT_PROTOTYPES = YES;
				CLANG_WARN_SUSPICIOUS_MOVE = YES;
				CLANG_WARN_UNGUARDED_AVAILABILITY = YES_AGGRESSIVE;
				CLANG_WARN_UNREACHABLE_CODE = YES;
				CLANG_WARN__DUPLICATE_METHOD_MATCH = YES;
				COPY_PHASE_STRIP = NO;
				DEBUG_INFORMATION_FORMAT = "dwarf-with-dsym";
				ENABLE_NS_ASSERTIONS = NO;
				ENABLE_STRICT_OBJC_MSGSEND = YES;
				ENABLE_USER_SCRIPT_SANDBOXING = YES;
				GCC_C_LANGUAGE_STANDARD = gnu17;
				GCC_NO_COMMON_BLOCKS = YES;
				GCC_WARN_64_TO_32_BIT_CONVERSION = YES;
				GCC_WARN_ABOUT_RETURN_TYPE = YES_ERROR;
				GCC_WARN_UNDECLARED_SELECTOR = YES;
				GCC_WARN_UNINITIALIZED_AUTOS = YES_AGGRESSIVE;
				GCC_WARN_UNUSED_FUNCTION = YES;
				GCC_WARN_UNUSED_VARIABLE = YES;
				IPHONEOS_DEPLOYMENT_TARGET = 17.0;
				LOCALIZATION_PREFERS_STRING_CATALOGS = YES;
				MTL_ENABLE_DEBUG_INFO = NO;
				MTL_FAST_MATH = YES;
				SDKROOT = iphoneos;
				SWIFT_COMPILATION_MODE = wholemodule;
				VALIDATE_PRODUCT = YES;
			};
			name = Release;
		};
		3A72C26F2A3C5E45005EAEFA /* Debug */ = {
			isa = XCBuildConfiguration;
			buildSettings = {
				ASSETCATALOG_COMPILER_APPICON_NAME = AppIcon;
				ASSETCATALOG_COMPILER_GLOBAL_ACCENT_COLOR_NAME = AccentColor;
				CODE_SIGN_STYLE = Automatic;
				CURRENT_PROJECT_VERSION = 1;
				DEVELOPMENT_ASSET_PATHS = "\"Ledger/Preview Content\"";
				DEVELOPMENT_TEAM = ZGXK69528C;
				ENABLE_PREVIEWS = YES;
				GENERATE_INFOPLIST_FILE = YES;
				INFOPLIST_KEY_CFBundleDisplayName = "Geschäftsbuch";
				INFOPLIST_KEY_LSApplicationCategoryType = "public.app-category.productivity";
				INFOPLIST_KEY_UIApplicationSceneManifest_Generation = YES;
				INFOPLIST_KEY_UIApplicationSupportsIndirectInputEvents = YES;
				INFOPLIST_KEY_UILaunchScreen_Generation = YES;
				INFOPLIST_KEY_UISupportedInterfaceOrientations_iPad = "UIInterfaceOrientationPortrait UIInterfaceOrientationPortraitUpsideDown UIInterfaceOrientationLandscapeLeft UIInterfaceOrientationLandscapeRight";
				INFOPLIST_KEY_UISupportedInterfaceOrientations_iPhone = "UIInterfaceOrientationPortrait UIInterfaceOrientationLandscapeLeft UIInterfaceOrientationLandscapeRight";
				LD_RUNPATH_SEARCH_PATHS = (
					"$(inherited)",
					"@executable_path/Frameworks",
				);
				MARKETING_VERSION = 1.0;
				PRODUCT_BUNDLE_IDENTIFIER = com.antonapps.Ledger;
				PRODUCT_NAME = "$(TARGET_NAME)";
				SWIFT_EMIT_LOC_STRINGS = YES;
				SWIFT_VERSION = 5.0;
				TARGETED_DEVICE_FAMILY = "1,2";
			};
			name = Debug;
		};
		3A72C2702A3C5E45005EAEFA /* Release */ = {
			isa = XCBuildConfiguration;
			buildSettings = {
				ASSETCATALOG_COMPILER_APPICON_NAME = AppIcon;
				ASSETCATALOG_COMPILER_GLOBAL_ACCENT_COLOR_NAME = AccentColor;
				CODE_SIGN_STYLE = Automatic;
				CURRENT_PROJECT_VERSION = 1;
				DEVELOPMENT_ASSET_PATHS = "\"Ledger/Preview Content\"";
				DEVELOPMENT_TEAM = ZGXK69528C;
				ENABLE_PREVIEWS = YES;
				GENERATE_INFOPLIST_FILE = YES;
				INFOPLIST_KEY_CFBundleDisplayName = "Geschäftsbuch";
				INFOPLIST_KEY_LSApplicationCategoryType = "public.app-category.productivity";
				INFOPLIST_KEY_UIApplicationSceneManifest_Generation = YES;
				INFOPLIST_KEY_UIApplicationSupportsIndirectInputEvents = YES;
				INFOPLIST_KEY_UILaunchScreen_Generation = YES;
				INFOPLIST_KEY_UISupportedInterfaceOrientations_iPad = "UIInterfaceOrientationPortrait UIInterfaceOrientationPortraitUpsideDown UIInterfaceOrientationLandscapeLeft UIInterfaceOrientationLandscapeRight";
				INFOPLIST_KEY_UISupportedInterfaceOrientations_iPhone = "UIInterfaceOrientationPortrait UIInterfaceOrientationLandscapeLeft UIInterfaceOrientationLandscapeRight";
				LD_RUNPATH_SEARCH_PATHS = (
					"$(inherited)",
					"@executable_path/Frameworks",
				);
				MARKETING_VERSION = 1.0;
				PRODUCT_BUNDLE_IDENTIFIER = com.antonapps.Ledger;
				PRODUCT_NAME = "$(TARGET_NAME)";
				SWIFT_EMIT_LOC_STRINGS = YES;
				SWIFT_VERSION = 5.0;
				TARGETED_DEVICE_FAMILY = "1,2";
			};
			name = Release;
		};
		3A72C2722A3C5E45005EAEFA /* Debug */ = {
			isa = XCBuildConfiguration;
			buildSettings = {
				ALWAYS_EMBED_SWIFT_STANDARD_LIBRARIES = YES;
				BUNDLE_LOADER = "$(TEST_HOST)";
				CODE_SIGN_STYLE = Automatic;
				CURRENT_PROJECT_VERSION = 1;
				DEVELOPMENT_TEAM = ZGXK69528C;
				GENERATE_INFOPLIST_FILE = YES;
				IPHONEOS_DEPLOYMENT_TARGET = 17.0;
				MARKETING_VERSION = 1.0;
				PRODUCT_BUNDLE_IDENTIFIER = com.example.LedgerTests;
				PRODUCT_NAME = "$(TARGET_NAME)";
				SWIFT_EMIT_LOC_STRINGS = NO;
				SWIFT_VERSION = 5.0;
				TARGETED_DEVICE_FAMILY = "1,2";
				TEST_HOST = "$(BUILT_PRODUCTS_DIR)/Ledger.app/$(BUNDLE_EXECUTABLE_FOLDER_PATH)/Ledger";
			};
			name = Debug;
		};
		3A72C2732A3C5E45005EAEFA /* Release */ = {
			isa = XCBuildConfiguration;
			buildSettings = {
				ALWAYS_EMBED_SWIFT_STANDARD_LIBRARIES = YES;
				BUNDLE_LOADER = "$(TEST_HOST)";
				CODE_SIGN_STYLE = Automatic;
				CURRENT_PROJECT_VERSION = 1;
				DEVELOPMENT_TEAM = ZGXK69528C;
				GENERATE_INFOPLIST_FILE = YES;
				IPHONEOS_DEPLOYMENT_TARGET = 17.0;
				MARKETING_VERSION = 1.0;
				PRODUCT_BUNDLE_IDENTIFIER = com.example.LedgerTests;
				PRODUCT_NAME = "$(TARGET_NAME)";
				SWIFT_EMIT_LOC_STRINGS = NO;
				SWIFT_VERSION = 5.0;
				TARGETED_DEVICE_FAMILY = "1,2";
				TEST_HOST = "$(BUILT_PRODUCTS_DIR)/Ledger.app/$(BUNDLE_EXECUTABLE_FOLDER_PATH)/Ledger";
			};
			name = Release;
		};
		3A72C2752A3C5E45005EAEFA /* Debug */ = {
			isa = XCBuildConfiguration;
			buildSettings = {
				ALWAYS_EMBED_SWIFT_STANDARD_LIBRARIES = YES;
				CODE_SIGN_STYLE = Automatic;
				CURRENT_PROJECT_VERSION = 1;
				DEVELOPMENT_TEAM = ZGXK69528C;
				GENERATE_INFOPLIST_FILE = YES;
				MARKETING_VERSION = 1.0;
				PRODUCT_BUNDLE_IDENTIFIER = com.example.LedgerUITests;
				PRODUCT_NAME = "$(TARGET_NAME)";
				SWIFT_EMIT_LOC_STRINGS = NO;
				SWIFT_VERSION = 5.0;
				TARGETED_DEVICE_FAMILY = "1,2";
				TEST_TARGET_NAME = Ledger;
			};
			name = Debug;
		};
		3A72C2762A3C5E45005EAEFA /* Release */ = {
			isa = XCBuildConfiguration;
			buildSettings = {
				ALWAYS_EMBED_SWIFT_STANDARD_LIBRARIES = YES;
				CODE_SIGN_STYLE = Automatic;
				CURRENT_PROJECT_VERSION = 1;
				DEVELOPMENT_TEAM = ZGXK69528C;
				GENERATE_INFOPLIST_FILE = YES;
				MARKETING_VERSION = 1.0;
				PRODUCT_BUNDLE_IDENTIFIER = com.example.LedgerUITests;
				PRODUCT_NAME = "$(TARGET_NAME)";
				SWIFT_EMIT_LOC_STRINGS = NO;
				SWIFT_VERSION = 5.0;
				TARGETED_DEVICE_FAMILY = "1,2";
				TEST_TARGET_NAME = Ledger;
			};
			name = Release;
		};
/* End XCBuildConfiguration section */

/* Begin XCConfigurationList section */
		3A72C2452A3C5E44005EAEFA /* Build configuration list for PBXProject "Ledger" */ = {
			isa = XCConfigurationList;
			buildConfigurations = (
				3A72C26C2A3C5E45005EAEFA /* Debug */,
				3A72C26D2A3C5E45005EAEFA /* Release */,
			);
			defaultConfigurationIsVisible = 0;
			defaultConfigurationName = Release;
		};
		3A72C26E2A3C5E45005EAEFA /* Build configuration list for PBXNativeTarget "Ledger" */ = {
			isa = XCConfigurationList;
			buildConfigurations = (
				3A72C26F2A3C5E45005EAEFA /* Debug */,
				3A72C2702A3C5E45005EAEFA /* Release */,
			);
			defaultConfigurationIsVisible = 0;
			defaultConfigurationName = Release;
		};
		3A72C2712A3C5E45005EAEFA /* Build configuration list for PBXNativeTarget "LedgerTests" */ = {
			isa = XCConfigurationList;
			buildConfigurations = (
				3A72C2722A3C5E45005EAEFA /* Debug */,
				3A72C2732A3C5E45005EAEFA /* Release */,
			);
			defaultConfigurationIsVisible = 0;
			defaultConfigurationName = Release;
		};
		3A72C2742A3C5E45005EAEFA /* Build configuration list for PBXNativeTarget "LedgerUITests" */ = {
			isa = XCConfigurationList;
			buildConfigurations = (
				3A72C2752A3C5E45005EAEFA /* Debug */,
				3A72C2762A3C5E45005EAEFA /* Release */,
			);
			defaultConfigurationIsVisible = 0;
			defaultConfigurationName = Release;
		};
/* End XCConfigurationList section */
	};
	rootObject = 3A72C2422A3C5E44005EAEFA /* Project object */;
}
